
Microsoft Visual Studio Solution File, Format Version 12.00
# Visual Studio 2012
Project("{FAE04EC0-301F-11D3-BF4B-00C04F79EFBC}") = "Mock.Luo", "Mock.Luo\Mock.Luo.csproj", "{DCD0A49F-D07B-4529-9C19-E29954DF7A53}"
EndProject
Project("{2150E333-8FDC-42A3-9474-1A3956D46DE8}") = "01 Common 基础结构层", "01 Common 基础结构层", "{6026DD4B-F235-42DF-A0FD-41AD31E738CB}"
EndProject
Project("{FAE04EC0-301F-11D3-BF4B-00C04F79EFBC}") = "Mock.Code", "Mock.Code\Mock.Code.csproj", "{319865F9-866E-402B-A4AA-F1F50AA1F817}"
EndProject
Project("{2150E333-8FDC-42A3-9474-1A3956D46DE8}") = "02 Domain 应用服务", "02 Domain 应用服务", "{C2BC25B7-1627-4132-A741-572CFDA60A6F}"
EndProject
Project("{FAE04EC0-301F-11D3-BF4B-00C04F79EFBC}") = "Mock.Domain", "Mock.Domain\Mock.Domain.csproj", "{513DD367-6A38-48DD-8E7E-B25CBD0154E3}"
EndProject
Project("{FAE04EC0-301F-11D3-BF4B-00C04F79EFBC}") = "Mock.Data", "Mock.Data\Mock.Data.csproj", "{705F9C73-A416-4197-9C73-7DC33F8174BC}"
EndProject
Global
	GlobalSection(SolutionConfigurationPlatforms) = preSolution
		Debug|Any CPU = Debug|Any CPU
		Release|Any CPU = Release|Any CPU
	EndGlobalSection
	GlobalSection(ProjectConfigurationPlatforms) = postSolution
		{DCD0A49F-D07B-4529-9C19-E29954DF7A53}.Debug|Any CPU.ActiveCfg = Debug|Any CPU
		{DCD0A49F-D07B-4529-9C19-E29954DF7A53}.Debug|Any CPU.Build.0 = Debug|Any CPU
		{DCD0A49F-D07B-4529-9C19-E29954DF7A53}.Release|Any CPU.ActiveCfg = Release|Any CPU
		{DCD0A49F-D07B-4529-9C19-E29954DF7A53}.Release|Any CPU.Build.0 = Release|Any CPU
		{319865F9-866E-402B-A4AA-F1F50AA1F817}.Debug|Any CPU.ActiveCfg = Debug|Any CPU
		{319865F9-866E-402B-A4AA-F1F50AA1F817}.Debug|Any CPU.Build.0 = Debug|Any CPU
		{319865F9-866E-402B-A4AA-F1F50AA1F817}.Release|Any CPU.ActiveCfg = Release|Any CPU
		{319865F9-866E-402B-A4AA-F1F50AA1F817}.Release|Any CPU.Build.0 = Release|Any CPU
		{513DD367-6A38-48DD-8E7E-B25CBD0154E3}.Debug|Any CPU.ActiveCfg = Debug|Any CPU
		{513DD367-6A38-48DD-8E7E-B25CBD0154E3}.Debug|Any CPU.Build.0 = Debug|Any CPU
		{513DD367-6A38-48DD-8E7E-B25CBD0154E3}.Release|Any CPU.ActiveCfg = Release|Any CPU
		{513DD367-6A38-48DD-8E7E-B25CBD0154E3}.Release|Any CPU.Build.0 = Release|Any CPU
		{705F9C73-A416-4197-9C73-7DC33F8174BC}.Debug|Any CPU.ActiveCfg = Debug|Any CPU
		{705F9C73-A416-4197-9C73-7DC33F8174BC}.Debug|Any CPU.Build.0 = Debug|Any CPU
		{705F9C73-A416-4197-9C73-7DC33F8174BC}.Release|Any CPU.ActiveCfg = Release|Any CPU
		{705F9C73-A416-4197-9C73-7DC33F8174BC}.Release|Any CPU.Build.0 = Release|Any CPU
	EndGlobalSection
	GlobalSection(SolutionProperties) = preSolution
		HideSolutionNode = FALSE
	EndGlobalSection
	GlobalSection(NestedProjects) = preSolution
		{319865F9-866E-402B-A4AA-F1F50AA1F817} = {6026DD4B-F235-42DF-A0FD-41AD31E738CB}
		{705F9C73-A416-4197-9C73-7DC33F8174BC} = {6026DD4B-F235-42DF-A0FD-41AD31E738CB}
		{513DD367-6A38-48DD-8E7E-B25CBD0154E3} = {C2BC25B7-1627-4132-A741-572CFDA60A6F}
	EndGlobalSection
EndGlobal
