
Microsoft Visual Studio Solution File, Format Version 12.00
# Visual Studio 15
VisualStudioVersion = 15.0.26730.16
MinimumVisualStudioVersion = 10.0.40219.1
Project("{2150E333-8FDC-42A3-9474-1A3956D46DE8}") = "01 Common 基础结构层", "01 Common 基础结构层", "{6026DD4B-F235-42DF-A0FD-41AD31E738CB}"
EndProject
Project("{2150E333-8FDC-42A3-9474-1A3956D46DE8}") = "02 Domain 应用服务", "02 Domain 应用服务", "{C2BC25B7-1627-4132-A741-572CFDA60A6F}"
EndProject
Project("{FAE04EC0-301F-11D3-BF4B-00C04F79EFBC}") = "Mock.Code", "Mock.Code\Mock.Code.csproj", "{319865F9-866E-402B-A4AA-F1F50AA1F817}"
EndProject
Project("{FAE04EC0-301F-11D3-BF4B-00C04F79EFBC}") = "Mock.Data", "Mock.Data\Mock.Data.csproj", "{705F9C73-A416-4197-9C73-7DC33F8174BC}"
EndProject
Project("{FAE04EC0-301F-11D3-BF4B-00C04F79EFBC}") = "Mock.Domain", "Mock.Domain\Mock.Domain.csproj", "{513DD367-6A38-48DD-8E7E-B25CBD0154E3}"
EndProject
Project("{FAE04EC0-301F-11D3-BF4B-00C04F79EFBC}") = "Mock.luo", "Mock.Luo\Mock.luo.csproj", "{6050D8AF-E3EE-4418-B4EE-5289092FD145}"
EndProject
Project("{2150E333-8FDC-42A3-9474-1A3956D46DE8}") = "00 Docs 文档", "00 Docs 文档", "{C877B387-E94C-4F7D-B020-30677469757D}"
	ProjectSection(SolutionItems) = preProject
		..\docs\1.博客系统研究报告.docx = ..\docs\1.博客系统研究报告.docx
		..\docs\2.博客系统设计报告.docx = ..\docs\2.博客系统设计报告.docx
		..\docs\4.博客系统代码文档.docx = ..\docs\4.博客系统代码文档.docx
		..\docs\5.博客系统用户使用说明书.docx = ..\docs\5.博客系统用户使用说明书.docx
		..\docs\Mock数据bak文件20171129.zip = ..\docs\Mock数据bak文件20171129.zip
		..\docs\mock数据库备选方案还原.zip = ..\docs\mock数据库备选方案还原.zip
		..\docs\readme.txt = ..\docs\readme.txt
		..\docs\数据字典.docx = ..\docs\数据字典.docx
		..\docs\概要设计说明.md = ..\docs\概要设计说明.md
	EndProjectSection
EndProject
Global
	GlobalSection(SolutionConfigurationPlatforms) = preSolution
		Debug|Any CPU = Debug|Any CPU
		Release|Any CPU = Release|Any CPU
	EndGlobalSection
	GlobalSection(ProjectConfigurationPlatforms) = postSolution
		{319865F9-866E-402B-A4AA-F1F50AA1F817}.Debug|Any CPU.ActiveCfg = Debug|Any CPU
		{319865F9-866E-402B-A4AA-F1F50AA1F817}.Debug|Any CPU.Build.0 = Debug|Any CPU
		{319865F9-866E-402B-A4AA-F1F50AA1F817}.Release|Any CPU.ActiveCfg = Release|Any CPU
		{319865F9-866E-402B-A4AA-F1F50AA1F817}.Release|Any CPU.Build.0 = Release|Any CPU
		{705F9C73-A416-4197-9C73-7DC33F8174BC}.Debug|Any CPU.ActiveCfg = Debug|Any CPU
		{705F9C73-A416-4197-9C73-7DC33F8174BC}.Debug|Any CPU.Build.0 = Debug|Any CPU
		{705F9C73-A416-4197-9C73-7DC33F8174BC}.Release|Any CPU.ActiveCfg = Release|Any CPU
		{705F9C73-A416-4197-9C73-7DC33F8174BC}.Release|Any CPU.Build.0 = Release|Any CPU
		{513DD367-6A38-48DD-8E7E-B25CBD0154E3}.Debug|Any CPU.ActiveCfg = Debug|Any CPU
		{513DD367-6A38-48DD-8E7E-B25CBD0154E3}.Debug|Any CPU.Build.0 = Debug|Any CPU
		{513DD367-6A38-48DD-8E7E-B25CBD0154E3}.Release|Any CPU.ActiveCfg = Release|Any CPU
		{513DD367-6A38-48DD-8E7E-B25CBD0154E3}.Release|Any CPU.Build.0 = Release|Any CPU
		{6050D8AF-E3EE-4418-B4EE-5289092FD145}.Debug|Any CPU.ActiveCfg = Debug|Any CPU
		{6050D8AF-E3EE-4418-B4EE-5289092FD145}.Debug|Any CPU.Build.0 = Debug|Any CPU
		{6050D8AF-E3EE-4418-B4EE-5289092FD145}.Release|Any CPU.ActiveCfg = Release|Any CPU
		{6050D8AF-E3EE-4418-B4EE-5289092FD145}.Release|Any CPU.Build.0 = Release|Any CPU
	EndGlobalSection
	GlobalSection(SolutionProperties) = preSolution
		HideSolutionNode = FALSE
	EndGlobalSection
	GlobalSection(NestedProjects) = preSolution
		{319865F9-866E-402B-A4AA-F1F50AA1F817} = {6026DD4B-F235-42DF-A0FD-41AD31E738CB}
		{705F9C73-A416-4197-9C73-7DC33F8174BC} = {6026DD4B-F235-42DF-A0FD-41AD31E738CB}
		{513DD367-6A38-48DD-8E7E-B25CBD0154E3} = {C2BC25B7-1627-4132-A741-572CFDA60A6F}
	EndGlobalSection
	GlobalSection(ExtensibilityGlobals) = postSolution
		SolutionGuid = {23DDC751-0FA0-4DE5-A467-9FD5487E52B9}
	EndGlobalSection
EndGlobal
